lockfileVersion: '6.0'

settings:
  autoInstallPeers: true
  excludeLinksFromLockfile: false

devDependencies:
  '@forcir/prettier-config':
    specifier: 1.0.2
    version: 1.0.2(prettier@3.1.0)
  prettier:
    specifier: 3.1.0
    version: 3.1.0

packages:

  /@forcir/prettier-config@1.0.2(prettier@3.1.0):
    resolution: {integrity: sha512-pyuIQ5vyi0DTdXAYGGxQbQ07laWjp5w36WahtrKqv78VAVJByPX6ac5t3Ozae2vrVuQ3MoFhYn5HDjlymjNYsw==}
    peerDependencies:
      prettier: '>=3.0'
    dependencies:
      prettier: 3.1.0
    dev: true

  /prettier@3.1.0:
    resolution: {integrity: sha512-TQLvXjq5IAibjh8EpBIkNKxO749UEWABoiIZehEPiY4GNpVdhaFKqSTu+QrlU6D2dPAfubRmtJTi4K4YkQ5eXw==}
    engines: {node: '>=14'}
    hasBin: true
    dev: true
