lockfileVersion: '6.0'

settings:
  autoInstallPeers: true
  excludeLinksFromLockfile: false

devDependencies:
  '@forcir/prettier-config':
    specifier: 1.0.0
    version: 1.0.0
  prettier:
    specifier: 3.0.0
    version: 3.0.0

packages:

  /@forcir/prettier-config@1.0.0:
    resolution: {integrity: sha512-GdpfAdqN0tn8tXjfSLO20skS3BFCTyskz5OGMbxz0s/oxZdIvM/og7cOjhXzxuo+llozVdBgXl8fju43m88Cyw==}
    dev: true

  /prettier@3.0.0:
    resolution: {integrity: sha512-zBf5eHpwHOGPC47h0zrPyNn+eAEIdEzfywMoYn2XPi0P44Zp0tSq64rq0xAREh4auw2cJZHo9QUob+NqCQky4g==}
    engines: {node: '>=14'}
    hasBin: true
    dev: true
