lockfileVersion: '6.0'

settings:
  autoInstallPeers: true
  excludeLinksFromLockfile: false

devDependencies:
  '@forcir/prettier-config':
    specifier: 1.0.2
    version: 1.0.2(prettier@3.0.3)
  prettier:
    specifier: 3.0.3
    version: 3.0.3

packages:

  /@forcir/prettier-config@1.0.2(prettier@3.0.3):
    resolution: {integrity: sha512-pyuIQ5vyi0DTdXAYGGxQbQ07laWjp5w36WahtrKqv78VAVJByPX6ac5t3Ozae2vrVuQ3MoFhYn5HDjlymjNYsw==}
    peerDependencies:
      prettier: '>=3.0'
    dependencies:
      prettier: 3.0.3
    dev: true

  /prettier@3.0.3:
    resolution: {integrity: sha512-L/4pUDMxcNa8R/EthV08Zt42WBO4h1rarVtK0K+QJG0X187OLo7l699jWw0GKuwzkPQ//jMFA/8Xm6Fh3J/DAg==}
    engines: {node: '>=14'}
    hasBin: true
    dev: true
